
Microsoft Visual Studio Solution File, Format Version 12.00
# Visual Studio Version 16
VisualStudioVersion = 16.0.31205.134
MinimumVisualStudioVersion = 10.0.40219.1
Project("{9A19103F-16F7-4668-BE54-9A1E7A4F7556}") = "RabbitMQ.CLI", "src\RabbitMQ.CLI\RabbitMQ.CLI.csproj", "{AF86125F-3DBC-469E-9542-95FBDDC95EF4}"
EndProject
Project("{9A19103F-16F7-4668-BE54-9A1E7A4F7556}") = "RabbitMQ.Library", "src\RabbitMQ.Library\RabbitMQ.Library.csproj", "{BC7A366B-A43B-485F-A1AD-0DBB1F6F1704}"
EndProject
Project("{2150E333-8FDC-42A3-9474-1A3956D46DE8}") = "src", "src", "{78DA39B0-1F6F-4E93-9C60-2B528285D1B6}"
EndProject
Project("{2150E333-8FDC-42A3-9474-1A3956D46DE8}") = "test", "test", "{DF138F67-58AD-435D-8815-0786E3EAB89C}"
EndProject
Project("{FAE04EC0-301F-11D3-BF4B-00C04F79EFBC}") = "RabbitMQ.Library.Test", "test\RabbitMQ.Library.Test\RabbitMQ.Library.Test.csproj", "{D44DFAB3-E31C-404A-BE0C-5A2F24FCB0A4}"
EndProject
Global
	GlobalSection(SolutionConfigurationPlatforms) = preSolution
		Debug|Any CPU = Debug|Any CPU
		Release|Any CPU = Release|Any CPU
	EndGlobalSection
	GlobalSection(ProjectConfigurationPlatforms) = postSolution
		{AF86125F-3DBC-469E-9542-95FBDDC95EF4}.Debug|Any CPU.ActiveCfg = Debug|Any CPU
		{AF86125F-3DBC-469E-9542-95FBDDC95EF4}.Debug|Any CPU.Build.0 = Debug|Any CPU
		{AF86125F-3DBC-469E-9542-95FBDDC95EF4}.Release|Any CPU.ActiveCfg = Release|Any CPU
		{AF86125F-3DBC-469E-9542-95FBDDC95EF4}.Release|Any CPU.Build.0 = Release|Any CPU
		{BC7A366B-A43B-485F-A1AD-0DBB1F6F1704}.Debug|Any CPU.ActiveCfg = Debug|Any CPU
		{BC7A366B-A43B-485F-A1AD-0DBB1F6F1704}.Debug|Any CPU.Build.0 = Debug|Any CPU
		{BC7A366B-A43B-485F-A1AD-0DBB1F6F1704}.Release|Any CPU.ActiveCfg = Release|Any CPU
		{BC7A366B-A43B-485F-A1AD-0DBB1F6F1704}.Release|Any CPU.Build.0 = Release|Any CPU
		{D44DFAB3-E31C-404A-BE0C-5A2F24FCB0A4}.Debug|Any CPU.ActiveCfg = Debug|Any CPU
		{D44DFAB3-E31C-404A-BE0C-5A2F24FCB0A4}.Debug|Any CPU.Build.0 = Debug|Any CPU
		{D44DFAB3-E31C-404A-BE0C-5A2F24FCB0A4}.Release|Any CPU.ActiveCfg = Release|Any CPU
		{D44DFAB3-E31C-404A-BE0C-5A2F24FCB0A4}.Release|Any CPU.Build.0 = Release|Any CPU
	EndGlobalSection
	GlobalSection(SolutionProperties) = preSolution
		HideSolutionNode = FALSE
	EndGlobalSection
	GlobalSection(NestedProjects) = preSolution
		{AF86125F-3DBC-469E-9542-95FBDDC95EF4} = {78DA39B0-1F6F-4E93-9C60-2B528285D1B6}
		{BC7A366B-A43B-485F-A1AD-0DBB1F6F1704} = {78DA39B0-1F6F-4E93-9C60-2B528285D1B6}
		{D44DFAB3-E31C-404A-BE0C-5A2F24FCB0A4} = {DF138F67-58AD-435D-8815-0786E3EAB89C}
	EndGlobalSection
	GlobalSection(ExtensibilityGlobals) = postSolution
		SolutionGuid = {1B0C3821-AA8B-42C6-843D-50A3A846CB5B}
	EndGlobalSection
EndGlobal
